// !$*UTF8*$!
{
	archiveVersion = 1;
	classes = {
	};
	objectVersion = 48;
	objects = {

/* Begin PBXBuildFile section */
		565083C41F09B115005A4110 /* AppDelegate.swift in Sources */ = {isa = PBXBuildFile; fileRef = 565083C31F09B115005A4110 /* AppDelegate.swift */; };
		565083C61F09B115005A4110 /* GameScene.sks in Resources */ = {isa = PBXBuildFile; fileRef = 565083C51F09B115005A4110 /* GameScene.sks */; };
		565083C81F09B115005A4110 /* Actions.sks in Resources */ = {isa = PBXBuildFile; fileRef = 565083C71F09B115005A4110 /* Actions.sks */; };
		565083CA1F09B115005A4110 /* GameScene.swift in Sources */ = {isa = PBXBuildFile; fileRef = 565083C91F09B115005A4110 /* GameScene.swift */; };
		565083CC1F09B115005A4110 /* ViewController.swift in Sources */ = {isa = PBXBuildFile; fileRef = 565083CB1F09B115005A4110 /* ViewController.swift */; };
		565083CE1F09B115005A4110 /* Assets.xcassets in Resources */ = {isa = PBXBuildFile; fileRef = 565083CD1F09B115005A4110 /* Assets.xcassets */; };
		565083D11F09B115005A4110 /* Main.storyboard in Resources */ = {isa = PBXBuildFile; fileRef = 565083CF1F09B115005A4110 /* Main.storyboard */; };
/* End PBXBuildFile section */

/* Begin PBXFileReference section */
		565083C01F09B115005A4110 /* Jet.app */ = {isa = PBXFileReference; explicitFileType = wrapper.application; includeInIndex = 0; path = Jet.app; sourceTree = BUILT_PRODUCTS_DIR; };
		565083C31F09B115005A4110 /* AppDelegate.swift */ = {isa = PBXFileReference; lastKnownFileType = sourcecode.swift; path = AppDelegate.swift; sourceTree = "<group>"; };
		565083C51F09B115005A4110 /* GameScene.sks */ = {isa = PBXFileReference; lastKnownFileType = file.sks; path = GameScene.sks; sourceTree = "<group>"; };
		565083C71F09B115005A4110 /* Actions.sks */ = {isa = PBXFileReference; lastKnownFileType = file.sks; path = Actions.sks; sourceTree = "<group>"; };
		565083C91F09B115005A4110 /* GameScene.swift */ = {isa = PBXFileReference; lastKnownFileType = sourcecode.swift; path = GameScene.swift; sourceTree = "<group>"; };
		565083CB1F09B115005A4110 /* ViewController.swift */ = {isa = PBXFileReference; lastKnownFileType = sourcecode.swift; path = ViewController.swift; sourceTree = "<group>"; };
		565083CD1F09B115005A4110 /* Assets.xcassets */ = {isa = PBXFileReference; lastKnownFileType = folder.assetcatalog; path = Assets.xcassets; sourceTree = "<group>"; };
		565083D01F09B115005A4110 /* Base */ = {isa = PBXFileReference; lastKnownFileType = file.storyboard; name = Base; path = Base.lproj/Main.storyboard; sourceTree = "<group>"; };
		565083D21F09B115005A4110 /* Info.plist */ = {isa = PBXFileReference; lastKnownFileType = text.plist.xml; path = Info.plist; sourceTree = "<group>"; };
		565083D31F09B115005A4110 /* Jet.entitlements */ = {isa = PBXFileReference; lastKnownFileType = text.plist.entitlements; path = Jet.entitlements; sourceTree = "<group>"; };
/* End PBXFileReference section */

/* Begin PBXFrameworksBuildPhase section */
		565083BD1F09B115005A4110 /* Frameworks */ = {
			isa = PBXFrameworksBuildPhase;
			buildActionMask = 2147483647;
			files = (
			);
			runOnlyForDeploymentPostprocessing = 0;
		};
/* End PBXFrameworksBuildPhase section */

/* Begin PBXGroup section */
		565083B71F09B115005A4110 = {
			isa = PBXGroup;
			children = (
				565083C21F09B115005A4110 /* Jet */,
				565083C11F09B115005A4110 /* Products */,
			);
			sourceTree = "<group>";
		};
		565083C11F09B115005A4110 /* Products */ = {
			isa = PBXGroup;
			children = (
				565083C01F09B115005A4110 /* Jet.app */,
			);
			name = Products;
			sourceTree = "<group>";
		};
		565083C21F09B115005A4110 /* Jet */ = {
			isa = PBXGroup;
			children = (
				565083C31F09B115005A4110 /* AppDelegate.swift */,
				565083C51F09B115005A4110 /* GameScene.sks */,
				565083C71F09B115005A4110 /* Actions.sks */,
				565083C91F09B115005A4110 /* GameScene.swift */,
				565083CB1F09B115005A4110 /* ViewController.swift */,
				565083CD1F09B115005A4110 /* Assets.xcassets */,
				565083CF1F09B115005A4110 /* Main.storyboard */,
				565083D21F09B115005A4110 /* Info.plist */,
				565083D31F09B115005A4110 /* Jet.entitlements */,
			);
			path = Jet;
			sourceTree = "<group>";
		};
/* End PBXGroup section */

/* Begin PBXNativeTarget section */
		565083BF1F09B115005A4110 /* Jet */ = {
			isa = PBXNativeTarget;
			buildConfigurationList = 565083D61F09B115005A4110 /* Build configuration list for PBXNativeTarget "Jet" */;
			buildPhases = (
				565083BC1F09B115005A4110 /* Sources */,
				565083BD1F09B115005A4110 /* Frameworks */,
				565083BE1F09B115005A4110 /* Resources */,
			);
			buildRules = (
			);
			dependencies = (
			);
			name = Jet;
			productName = Jet;
			productReference = 565083C01F09B115005A4110 /* Jet.app */;
			productType = "com.apple.product-type.application";
		};
/* End PBXNativeTarget section */

/* Begin PBXProject section */
		565083B81F09B115005A4110 /* Project object */ = {
			isa = PBXProject;
			attributes = {
				LastSwiftUpdateCheck = 0900;
				LastUpgradeCheck = 0900;
				ORGANIZATIONNAME = Bright;
				TargetAttributes = {
					565083BF1F09B115005A4110 = {
						CreatedOnToolsVersion = 9.0;
					};
				};
			};
			buildConfigurationList = 565083BB1F09B115005A4110 /* Build configuration list for PBXProject "Jet" */;
			compatibilityVersion = "Xcode 8.0";
			developmentRegion = en;
			hasScannedForEncodings = 0;
			knownRegions = (
				en,
				Base,
			);
			mainGroup = 565083B71F09B115005A4110;
			productRefGroup = 565083C11F09B115005A4110 /* Products */;
			projectDirPath = "";
			projectRoot = "";
			targets = (
				565083BF1F09B115005A4110 /* Jet */,
			);
		};
/* End PBXProject section */

/* Begin PBXResourcesBuildPhase section */
		565083BE1F09B115005A4110 /* Resources */ = {
			isa = PBXResourcesBuildPhase;
			buildActionMask = 2147483647;
			files = (
				565083C61F09B115005A4110 /* GameScene.sks in Resources */,
				565083CE1F09B115005A4110 /* Assets.xcassets in Resources */,
				565083C81F09B115005A4110 /* Actions.sks in Resources */,
				565083D11F09B115005A4110 /* Main.storyboard in Resources */,
			);
			runOnlyForDeploymentPostprocessing = 0;
		};
/* End PBXResourcesBuildPhase section */

/* Begin PBXSourcesBuildPhase section */
		565083BC1F09B115005A4110 /* Sources */ = {
			isa = PBXSourcesBuildPhase;
			buildActionMask = 2147483647;
			files = (
				565083CC1F09B115005A4110 /* ViewController.swift in Sources */,
				565083CA1F09B115005A4110 /* GameScene.swift in Sources */,
				565083C41F09B115005A4110 /* AppDelegate.swift in Sources */,
			);
			runOnlyForDeploymentPostprocessing = 0;
		};
/* End PBXSourcesBuildPhase section */

/* Begin PBXVariantGroup section */
		565083CF1F09B115005A4110 /* Main.storyboard */ = {
			isa = PBXVariantGroup;
			children = (
				565083D01F09B115005A4110 /* Base */,
			);
			name = Main.storyboard;
			sourceTree = "<group>";
		};
/* End PBXVariantGroup section */

/* Begin XCBuildConfiguration section */
		565083D41F09B115005A4110 /* Debug */ = {
			isa = XCBuildConfiguration;
			buildSettings = {
				ALWAYS_SEARCH_USER_PATHS = NO;
				CLANG_ANALYZER_NONNULL = YES;
				CLANG_ANALYZER_NUMBER_OBJECT_CONVERSION = YES_AGGRESSIVE;
				CLANG_CXX_LANGUAGE_STANDARD = "gnu++14";
				CLANG_CXX_LIBRARY = "libc++";
				CLANG_ENABLE_MODULES = YES;
				CLANG_ENABLE_OBJC_ARC = YES;
				CLANG_WARN_BLOCK_CAPTURE_AUTORELEASING = YES;
				CLANG_WARN_BOOL_CONVERSION = YES;
				CLANG_WARN_COMMA = YES;
				CLANG_WARN_CONSTANT_CONVERSION = YES;
				CLANG_WARN_DIRECT_OBJC_ISA_USAGE = YES_ERROR;
				CLANG_WARN_DOCUMENTATION_COMMENTS = YES;
				CLANG_WARN_EMPTY_BODY = YES;
				CLANG_WARN_ENUM_CONVERSION = YES;
				CLANG_WARN_INFINITE_RECURSION = YES;
				CLANG_WARN_INT_CONVERSION = YES;
				CLANG_WARN_OBJC_ROOT_CLASS = YES_ERROR;
				CLANG_WARN_RANGE_LOOP_ANALYSIS = YES;
				CLANG_WARN_STRICT_PROTOTYPES = YES;
				CLANG_WARN_SUSPICIOUS_MOVE = YES;
				CLANG_WARN_UNGUARDED_AVAILABILITY = YES_AGGRESSIVE;
				CLANG_WARN_UNREACHABLE_CODE = YES;
				CLANG_WARN__DUPLICATE_METHOD_MATCH = YES;
				CODE_SIGN_IDENTITY = "-";
				COPY_PHASE_STRIP = NO;
				DEBUG_INFORMATION_FORMAT = dwarf;
				ENABLE_STRICT_OBJC_MSGSEND = YES;
				ENABLE_TESTABILITY = YES;
				GCC_C_LANGUAGE_STANDARD = gnu11;
				GCC_DYNAMIC_NO_PIC = NO;
				GCC_NO_COMMON_BLOCKS = YES;
				GCC_OPTIMIZATION_LEVEL = 0;
				GCC_PREPROCESSOR_DEFINITIONS = (
					"DEBUG=1",
					"$(inherited)",
				);
				GCC_WARN_64_TO_32_BIT_CONVERSION = YES;
				GCC_WARN_ABOUT_RETURN_TYPE = YES_ERROR;
				GCC_WARN_UNDECLARED_SELECTOR = YES;
				GCC_WARN_UNINITIALIZED_AUTOS = YES_AGGRESSIVE;
				GCC_WARN_UNUSED_FUNCTION = YES;
				GCC_WARN_UNUSED_VARIABLE = YES;
				MACOSX_DEPLOYMENT_TARGET = 10.12;
				MTL_ENABLE_DEBUG_INFO = YES;
				ONLY_ACTIVE_ARCH = YES;
				SDKROOT = macosx;
				SWIFT_ACTIVE_COMPILATION_CONDITIONS = DEBUG;
				SWIFT_OPTIMIZATION_LEVEL = "-Onone";
			};
			name = Debug;
		};
		565083D51F09B115005A4110 /* Release */ = {
			isa = XCBuildConfiguration;
			buildSettings = {
				ALWAYS_SEARCH_USER_PATHS = NO;
				CLANG_ANALYZER_NONNULL = YES;
				CLANG_ANALYZER_NUMBER_OBJECT_CONVERSION = YES_AGGRESSIVE;
				CLANG_CXX_LANGUAGE_STANDARD = "gnu++14";
				CLANG_CXX_LIBRARY = "libc++";
				CLANG_ENABLE_MODULES = YES;
				CLANG_ENABLE_OBJC_ARC = YES;
				CLANG_WARN_BLOCK_CAPTURE_AUTORELEASING = YES;
				CLANG_WARN_BOOL_CONVERSION = YES;
				CLANG_WARN_COMMA = YES;
				CLANG_WARN_CONSTANT_CONVERSION = YES;
				CLANG_WARN_DIRECT_OBJC_ISA_USAGE = YES_ERROR;
				CLANG_WARN_DOCUMENTATION_COMMENTS = YES;
				CLANG_WARN_EMPTY_BODY = YES;
				CLANG_WARN_ENUM_CONVERSION = YES;
				CLANG_WARN_INFINITE_RECURSION = YES;
				CLANG_WARN_INT_CONVERSION = YES;
				CLANG_WARN_OBJC_ROOT_CLASS = YES_ERROR;
				CLANG_WARN_RANGE_LOOP_ANALYSIS = YES;
				CLANG_WARN_STRICT_PROTOTYPES = YES;
				CLANG_WARN_SUSPICIOUS_MOVE = YES;
				CLANG_WARN_UNGUARDED_AVAILABILITY = YES_AGGRESSIVE;
				CLANG_WARN_UNREACHABLE_CODE = YES;
				CLANG_WARN__DUPLICATE_METHOD_MATCH = YES;
				CODE_SIGN_IDENTITY = "-";
				COPY_PHASE_STRIP = NO;
				DEBUG_INFORMATION_FORMAT = "dwarf-with-dsym";
				ENABLE_NS_ASSERTIONS = NO;
				ENABLE_STRICT_OBJC_MSGSEND = YES;
				GCC_C_LANGUAGE_STANDARD = gnu11;
				GCC_NO_COMMON_BLOCKS = YES;
				GCC_WARN_64_TO_32_BIT_CONVERSION = YES;
				GCC_WARN_ABOUT_RETURN_TYPE = YES_ERROR;
				GCC_WARN_UNDECLARED_SELECTOR = YES;
				GCC_WARN_UNINITIALIZED_AUTOS = YES_AGGRESSIVE;
				GCC_WARN_UNUSED_FUNCTION = YES;
				GCC_WARN_UNUSED_VARIABLE = YES;
				MACOSX_DEPLOYMENT_TARGET = 10.12;
				MTL_ENABLE_DEBUG_INFO = NO;
				SDKROOT = macosx;
				SWIFT_OPTIMIZATION_LEVEL = "-Owholemodule";
			};
			name = Release;
		};
		565083D71F09B115005A4110 /* Debug */ = {
			isa = XCBuildConfiguration;
			buildSettings = {
				ASSETCATALOG_COMPILER_APPICON_NAME = AppIcon;
				CODE_SIGN_ENTITLEMENTS = Jet/Jet.entitlements;
				COMBINE_HIDPI_IMAGES = YES;
				INFOPLIST_FILE = Jet/Info.plist;
				LD_RUNPATH_SEARCH_PATHS = "$(inherited) @executable_path/../Frameworks";
				PRODUCT_BUNDLE_IDENTIFIER = com.kay.Jet;
				PRODUCT_NAME = "$(TARGET_NAME)";
				SWIFT_VERSION = 4.0;
			};
			name = Debug;
		};
		565083D81F09B115005A4110 /* Release */ = {
			isa = XCBuildConfiguration;
			buildSettings = {
				ASSETCATALOG_COMPILER_APPICON_NAME = AppIcon;
				CODE_SIGN_ENTITLEMENTS = Jet/Jet.entitlements;
				COMBINE_HIDPI_IMAGES = YES;
				INFOPLIST_FILE = Jet/Info.plist;
				LD_RUNPATH_SEARCH_PATHS = "$(inherited) @executable_path/../Frameworks";
				PRODUCT_BUNDLE_IDENTIFIER = com.kay.Jet;
				PRODUCT_NAME = "$(TARGET_NAME)";
				SWIFT_VERSION = 4.0;
			};
			name = Release;
		};
/* End XCBuildConfiguration section */

/* Begin XCConfigurationList section */
		565083BB1F09B115005A4110 /* Build configuration list for PBXProject "Jet" */ = {
			isa = XCConfigurationList;
			buildConfigurations = (
				565083D41F09B115005A4110 /* Debug */,
				565083D51F09B115005A4110 /* Release */,
			);
			defaultConfigurationIsVisible = 0;
			defaultConfigurationName = Release;
		};
		565083D61F09B115005A4110 /* Build configuration list for PBXNativeTarget "Jet" */ = {
			isa = XCConfigurationList;
			buildConfigurations = (
				565083D71F09B115005A4110 /* Debug */,
				565083D81F09B115005A4110 /* Release */,
			);
			defaultConfigurationIsVisible = 0;
		};
/* End XCConfigurationList section */
	};
	rootObject = 565083B81F09B115005A4110 /* Project object */;
}
