// !$*UTF8*$!
{
	archiveVersion = 1;
	classes = {
	};
	objectVersion = 48;
	objects = {

/* Begin PBXBuildFile section */
		568DC22D1F01FCA300AE1442 /* AppDelegate.swift in Sources */ = {isa = PBXBuildFile; fileRef = 568DC22C1F01FCA300AE1442 /* AppDelegate.swift */; };
		568DC2321F01FCA300AE1442 /* PodcastPlayer.xcdatamodeld in Sources */ = {isa = PBXBuildFile; fileRef = 568DC2301F01FCA300AE1442 /* PodcastPlayer.xcdatamodeld */; };
		568DC2341F01FCA300AE1442 /* Assets.xcassets in Resources */ = {isa = PBXBuildFile; fileRef = 568DC2331F01FCA300AE1442 /* Assets.xcassets */; };
		568DC2371F01FCA300AE1442 /* Main.storyboard in Resources */ = {isa = PBXBuildFile; fileRef = 568DC2351F01FCA300AE1442 /* Main.storyboard */; };
		568DC2401F01FF1900AE1442 /* PodcastsViewController.swift in Sources */ = {isa = PBXBuildFile; fileRef = 568DC23F1F01FF1900AE1442 /* PodcastsViewController.swift */; };
		568DC2421F0201A600AE1442 /* Parser.swift in Sources */ = {isa = PBXBuildFile; fileRef = 568DC2411F0201A600AE1442 /* Parser.swift */; };
		568DC2451F02039300AE1442 /* SWXMLHash+TypeConversion.swift in Sources */ = {isa = PBXBuildFile; fileRef = 568DC2431F02039300AE1442 /* SWXMLHash+TypeConversion.swift */; };
		568DC2461F02039300AE1442 /* SWXMLHash.swift in Sources */ = {isa = PBXBuildFile; fileRef = 568DC2441F02039300AE1442 /* SWXMLHash.swift */; };
/* End PBXBuildFile section */

/* Begin PBXFileReference section */
		568DC2291F01FCA300AE1442 /* PodcastPlayer.app */ = {isa = PBXFileReference; explicitFileType = wrapper.application; includeInIndex = 0; path = PodcastPlayer.app; sourceTree = BUILT_PRODUCTS_DIR; };
		568DC22C1F01FCA300AE1442 /* AppDelegate.swift */ = {isa = PBXFileReference; lastKnownFileType = sourcecode.swift; path = AppDelegate.swift; sourceTree = "<group>"; };
		568DC2311F01FCA300AE1442 /* PodcastPlayer.xcdatamodel */ = {isa = PBXFileReference; lastKnownFileType = wrapper.xcdatamodel; path = PodcastPlayer.xcdatamodel; sourceTree = "<group>"; };
		568DC2331F01FCA300AE1442 /* Assets.xcassets */ = {isa = PBXFileReference; lastKnownFileType = folder.assetcatalog; path = Assets.xcassets; sourceTree = "<group>"; };
		568DC2361F01FCA300AE1442 /* Base */ = {isa = PBXFileReference; lastKnownFileType = file.storyboard; name = Base; path = Base.lproj/Main.storyboard; sourceTree = "<group>"; };
		568DC2381F01FCA300AE1442 /* Info.plist */ = {isa = PBXFileReference; lastKnownFileType = text.plist.xml; path = Info.plist; sourceTree = "<group>"; };
		568DC2391F01FCA300AE1442 /* PodcastPlayer.entitlements */ = {isa = PBXFileReference; lastKnownFileType = text.plist.entitlements; path = PodcastPlayer.entitlements; sourceTree = "<group>"; };
		568DC23F1F01FF1900AE1442 /* PodcastsViewController.swift */ = {isa = PBXFileReference; lastKnownFileType = sourcecode.swift; path = PodcastsViewController.swift; sourceTree = "<group>"; };
		568DC2411F0201A600AE1442 /* Parser.swift */ = {isa = PBXFileReference; lastKnownFileType = sourcecode.swift; path = Parser.swift; sourceTree = "<group>"; };
		568DC2431F02039300AE1442 /* SWXMLHash+TypeConversion.swift */ = {isa = PBXFileReference; fileEncoding = 4; lastKnownFileType = sourcecode.swift; path = "SWXMLHash+TypeConversion.swift"; sourceTree = "<group>"; };
		568DC2441F02039300AE1442 /* SWXMLHash.swift */ = {isa = PBXFileReference; fileEncoding = 4; lastKnownFileType = sourcecode.swift; path = SWXMLHash.swift; sourceTree = "<group>"; };
/* End PBXFileReference section */

/* Begin PBXFrameworksBuildPhase section */
		568DC2261F01FCA300AE1442 /* Frameworks */ = {
			isa = PBXFrameworksBuildPhase;
			buildActionMask = 2147483647;
			files = (
			);
			runOnlyForDeploymentPostprocessing = 0;
		};
/* End PBXFrameworksBuildPhase section */

/* Begin PBXGroup section */
		568DC2201F01FCA300AE1442 = {
			isa = PBXGroup;
			children = (
				568DC22B1F01FCA300AE1442 /* PodcastPlayer */,
				568DC22A1F01FCA300AE1442 /* Products */,
			);
			sourceTree = "<group>";
		};
		568DC22A1F01FCA300AE1442 /* Products */ = {
			isa = PBXGroup;
			children = (
				568DC2291F01FCA300AE1442 /* PodcastPlayer.app */,
			);
			name = Products;
			sourceTree = "<group>";
		};
		568DC22B1F01FCA300AE1442 /* PodcastPlayer */ = {
			isa = PBXGroup;
			children = (
				568DC23F1F01FF1900AE1442 /* PodcastsViewController.swift */,
				568DC22C1F01FCA300AE1442 /* AppDelegate.swift */,
				568DC2331F01FCA300AE1442 /* Assets.xcassets */,
				568DC2351F01FCA300AE1442 /* Main.storyboard */,
				568DC2411F0201A600AE1442 /* Parser.swift */,
				568DC2381F01FCA300AE1442 /* Info.plist */,
				568DC2391F01FCA300AE1442 /* PodcastPlayer.entitlements */,
				568DC2301F01FCA300AE1442 /* PodcastPlayer.xcdatamodeld */,
				568DC2471F02039C00AE1442 /* SWXMLHash */,
			);
			path = PodcastPlayer;
			sourceTree = "<group>";
		};
		568DC2471F02039C00AE1442 /* SWXMLHash */ = {
			isa = PBXGroup;
			children = (
				568DC2441F02039300AE1442 /* SWXMLHash.swift */,
				568DC2431F02039300AE1442 /* SWXMLHash+TypeConversion.swift */,
			);
			path = SWXMLHash;
			sourceTree = "<group>";
		};
/* End PBXGroup section */

/* Begin PBXNativeTarget section */
		568DC2281F01FCA300AE1442 /* PodcastPlayer */ = {
			isa = PBXNativeTarget;
			buildConfigurationList = 568DC23C1F01FCA300AE1442 /* Build configuration list for PBXNativeTarget "PodcastPlayer" */;
			buildPhases = (
				568DC2251F01FCA300AE1442 /* Sources */,
				568DC2261F01FCA300AE1442 /* Frameworks */,
				568DC2271F01FCA300AE1442 /* Resources */,
			);
			buildRules = (
			);
			dependencies = (
			);
			name = PodcastPlayer;
			productName = PodcastPlayer;
			productReference = 568DC2291F01FCA300AE1442 /* PodcastPlayer.app */;
			productType = "com.apple.product-type.application";
		};
/* End PBXNativeTarget section */

/* Begin PBXProject section */
		568DC2211F01FCA300AE1442 /* Project object */ = {
			isa = PBXProject;
			attributes = {
				LastSwiftUpdateCheck = 0900;
				LastUpgradeCheck = 0900;
				ORGANIZATIONNAME = Bright;
				TargetAttributes = {
					568DC2281F01FCA300AE1442 = {
						CreatedOnToolsVersion = 9.0;
						SystemCapabilities = {
							com.apple.Sandbox = {
								enabled = 0;
							};
						};
					};
				};
			};
			buildConfigurationList = 568DC2241F01FCA300AE1442 /* Build configuration list for PBXProject "PodcastPlayer" */;
			compatibilityVersion = "Xcode 8.0";
			developmentRegion = en;
			hasScannedForEncodings = 0;
			knownRegions = (
				en,
				Base,
			);
			mainGroup = 568DC2201F01FCA300AE1442;
			productRefGroup = 568DC22A1F01FCA300AE1442 /* Products */;
			projectDirPath = "";
			projectRoot = "";
			targets = (
				568DC2281F01FCA300AE1442 /* PodcastPlayer */,
			);
		};
/* End PBXProject section */

/* Begin PBXResourcesBuildPhase section */
		568DC2271F01FCA300AE1442 /* Resources */ = {
			isa = PBXResourcesBuildPhase;
			buildActionMask = 2147483647;
			files = (
				568DC2341F01FCA300AE1442 /* Assets.xcassets in Resources */,
				568DC2371F01FCA300AE1442 /* Main.storyboard in Resources */,
			);
			runOnlyForDeploymentPostprocessing = 0;
		};
/* End PBXResourcesBuildPhase section */

/* Begin PBXSourcesBuildPhase section */
		568DC2251F01FCA300AE1442 /* Sources */ = {
			isa = PBXSourcesBuildPhase;
			buildActionMask = 2147483647;
			files = (
				568DC2421F0201A600AE1442 /* Parser.swift in Sources */,
				568DC2461F02039300AE1442 /* SWXMLHash.swift in Sources */,
				568DC22D1F01FCA300AE1442 /* AppDelegate.swift in Sources */,
				568DC2401F01FF1900AE1442 /* PodcastsViewController.swift in Sources */,
				568DC2321F01FCA300AE1442 /* PodcastPlayer.xcdatamodeld in Sources */,
				568DC2451F02039300AE1442 /* SWXMLHash+TypeConversion.swift in Sources */,
			);
			runOnlyForDeploymentPostprocessing = 0;
		};
/* End PBXSourcesBuildPhase section */

/* Begin PBXVariantGroup section */
		568DC2351F01FCA300AE1442 /* Main.storyboard */ = {
			isa = PBXVariantGroup;
			children = (
				568DC2361F01FCA300AE1442 /* Base */,
			);
			name = Main.storyboard;
			sourceTree = "<group>";
		};
/* End PBXVariantGroup section */

/* Begin XCBuildConfiguration section */
		568DC23A1F01FCA300AE1442 /* Debug */ = {
			isa = XCBuildConfiguration;
			buildSettings = {
				ALWAYS_SEARCH_USER_PATHS = NO;
				CLANG_ANALYZER_NONNULL = YES;
				CLANG_ANALYZER_NUMBER_OBJECT_CONVERSION = YES_AGGRESSIVE;
				CLANG_CXX_LANGUAGE_STANDARD = "gnu++14";
				CLANG_CXX_LIBRARY = "libc++";
				CLANG_ENABLE_MODULES = YES;
				CLANG_ENABLE_OBJC_ARC = YES;
				CLANG_WARN_BLOCK_CAPTURE_AUTORELEASING = YES;
				CLANG_WARN_BOOL_CONVERSION = YES;
				CLANG_WARN_COMMA = YES;
				CLANG_WARN_CONSTANT_CONVERSION = YES;
				CLANG_WARN_DIRECT_OBJC_ISA_USAGE = YES_ERROR;
				CLANG_WARN_DOCUMENTATION_COMMENTS = YES;
				CLANG_WARN_EMPTY_BODY = YES;
				CLANG_WARN_ENUM_CONVERSION = YES;
				CLANG_WARN_INFINITE_RECURSION = YES;
				CLANG_WARN_INT_CONVERSION = YES;
				CLANG_WARN_OBJC_ROOT_CLASS = YES_ERROR;
				CLANG_WARN_RANGE_LOOP_ANALYSIS = YES;
				CLANG_WARN_STRICT_PROTOTYPES = YES;
				CLANG_WARN_SUSPICIOUS_MOVE = YES;
				CLANG_WARN_UNGUARDED_AVAILABILITY = YES_AGGRESSIVE;
				CLANG_WARN_UNREACHABLE_CODE = YES;
				CLANG_WARN__DUPLICATE_METHOD_MATCH = YES;
				CODE_SIGN_IDENTITY = "-";
				COPY_PHASE_STRIP = NO;
				DEBUG_INFORMATION_FORMAT = dwarf;
				ENABLE_STRICT_OBJC_MSGSEND = YES;
				ENABLE_TESTABILITY = YES;
				GCC_C_LANGUAGE_STANDARD = gnu11;
				GCC_DYNAMIC_NO_PIC = NO;
				GCC_NO_COMMON_BLOCKS = YES;
				GCC_OPTIMIZATION_LEVEL = 0;
				GCC_PREPROCESSOR_DEFINITIONS = (
					"DEBUG=1",
					"$(inherited)",
				);
				GCC_WARN_64_TO_32_BIT_CONVERSION = YES;
				GCC_WARN_ABOUT_RETURN_TYPE = YES_ERROR;
				GCC_WARN_UNDECLARED_SELECTOR = YES;
				GCC_WARN_UNINITIALIZED_AUTOS = YES_AGGRESSIVE;
				GCC_WARN_UNUSED_FUNCTION = YES;
				GCC_WARN_UNUSED_VARIABLE = YES;
				MACOSX_DEPLOYMENT_TARGET = 10.12;
				MTL_ENABLE_DEBUG_INFO = YES;
				ONLY_ACTIVE_ARCH = YES;
				SDKROOT = macosx;
				SWIFT_ACTIVE_COMPILATION_CONDITIONS = DEBUG;
				SWIFT_OPTIMIZATION_LEVEL = "-Onone";
			};
			name = Debug;
		};
		568DC23B1F01FCA300AE1442 /* Release */ = {
			isa = XCBuildConfiguration;
			buildSettings = {
				ALWAYS_SEARCH_USER_PATHS = NO;
				CLANG_ANALYZER_NONNULL = YES;
				CLANG_ANALYZER_NUMBER_OBJECT_CONVERSION = YES_AGGRESSIVE;
				CLANG_CXX_LANGUAGE_STANDARD = "gnu++14";
				CLANG_CXX_LIBRARY = "libc++";
				CLANG_ENABLE_MODULES = YES;
				CLANG_ENABLE_OBJC_ARC = YES;
				CLANG_WARN_BLOCK_CAPTURE_AUTORELEASING = YES;
				CLANG_WARN_BOOL_CONVERSION = YES;
				CLANG_WARN_COMMA = YES;
				CLANG_WARN_CONSTANT_CONVERSION = YES;
				CLANG_WARN_DIRECT_OBJC_ISA_USAGE = YES_ERROR;
				CLANG_WARN_DOCUMENTATION_COMMENTS = YES;
				CLANG_WARN_EMPTY_BODY = YES;
				CLANG_WARN_ENUM_CONVERSION = YES;
				CLANG_WARN_INFINITE_RECURSION = YES;
				CLANG_WARN_INT_CONVERSION = YES;
				CLANG_WARN_OBJC_ROOT_CLASS = YES_ERROR;
				CLANG_WARN_RANGE_LOOP_ANALYSIS = YES;
				CLANG_WARN_STRICT_PROTOTYPES = YES;
				CLANG_WARN_SUSPICIOUS_MOVE = YES;
				CLANG_WARN_UNGUARDED_AVAILABILITY = YES_AGGRESSIVE;
				CLANG_WARN_UNREACHABLE_CODE = YES;
				CLANG_WARN__DUPLICATE_METHOD_MATCH = YES;
				CODE_SIGN_IDENTITY = "-";
				COPY_PHASE_STRIP = NO;
				DEBUG_INFORMATION_FORMAT = "dwarf-with-dsym";
				ENABLE_NS_ASSERTIONS = NO;
				ENABLE_STRICT_OBJC_MSGSEND = YES;
				GCC_C_LANGUAGE_STANDARD = gnu11;
				GCC_NO_COMMON_BLOCKS = YES;
				GCC_WARN_64_TO_32_BIT_CONVERSION = YES;
				GCC_WARN_ABOUT_RETURN_TYPE = YES_ERROR;
				GCC_WARN_UNDECLARED_SELECTOR = YES;
				GCC_WARN_UNINITIALIZED_AUTOS = YES_AGGRESSIVE;
				GCC_WARN_UNUSED_FUNCTION = YES;
				GCC_WARN_UNUSED_VARIABLE = YES;
				MACOSX_DEPLOYMENT_TARGET = 10.12;
				MTL_ENABLE_DEBUG_INFO = NO;
				SDKROOT = macosx;
				SWIFT_OPTIMIZATION_LEVEL = "-Owholemodule";
			};
			name = Release;
		};
		568DC23D1F01FCA300AE1442 /* Debug */ = {
			isa = XCBuildConfiguration;
			buildSettings = {
				ASSETCATALOG_COMPILER_APPICON_NAME = AppIcon;
				COMBINE_HIDPI_IMAGES = YES;
				INFOPLIST_FILE = PodcastPlayer/Info.plist;
				LD_RUNPATH_SEARCH_PATHS = "$(inherited) @executable_path/../Frameworks";
				PRODUCT_BUNDLE_IDENTIFIER = com.kay.PodcastPlayer;
				PRODUCT_NAME = "$(TARGET_NAME)";
				SWIFT_VERSION = 4.0;
			};
			name = Debug;
		};
		568DC23E1F01FCA300AE1442 /* Release */ = {
			isa = XCBuildConfiguration;
			buildSettings = {
				ASSETCATALOG_COMPILER_APPICON_NAME = AppIcon;
				COMBINE_HIDPI_IMAGES = YES;
				INFOPLIST_FILE = PodcastPlayer/Info.plist;
				LD_RUNPATH_SEARCH_PATHS = "$(inherited) @executable_path/../Frameworks";
				PRODUCT_BUNDLE_IDENTIFIER = com.kay.PodcastPlayer;
				PRODUCT_NAME = "$(TARGET_NAME)";
				SWIFT_VERSION = 4.0;
			};
			name = Release;
		};
/* End XCBuildConfiguration section */

/* Begin XCConfigurationList section */
		568DC2241F01FCA300AE1442 /* Build configuration list for PBXProject "PodcastPlayer" */ = {
			isa = XCConfigurationList;
			buildConfigurations = (
				568DC23A1F01FCA300AE1442 /* Debug */,
				568DC23B1F01FCA300AE1442 /* Release */,
			);
			defaultConfigurationIsVisible = 0;
			defaultConfigurationName = Release;
		};
		568DC23C1F01FCA300AE1442 /* Build configuration list for PBXNativeTarget "PodcastPlayer" */ = {
			isa = XCConfigurationList;
			buildConfigurations = (
				568DC23D1F01FCA300AE1442 /* Debug */,
				568DC23E1F01FCA300AE1442 /* Release */,
			);
			defaultConfigurationIsVisible = 0;
		};
/* End XCConfigurationList section */

/* Begin XCVersionGroup section */
		568DC2301F01FCA300AE1442 /* PodcastPlayer.xcdatamodeld */ = {
			isa = XCVersionGroup;
			children = (
				568DC2311F01FCA300AE1442 /* PodcastPlayer.xcdatamodel */,
			);
			currentVersion = 568DC2311F01FCA300AE1442 /* PodcastPlayer.xcdatamodel */;
			path = PodcastPlayer.xcdatamodeld;
			sourceTree = "<group>";
			versionGroupType = wrapper.xcdatamodel;
		};
/* End XCVersionGroup section */
	};
	rootObject = 568DC2211F01FCA300AE1442 /* Project object */;
}
